
Microsoft Visual Studio Solution File, Format Version 12.00
# Visual Studio Version 16
VisualStudioVersion = 16.0.31624.102
MinimumVisualStudioVersion = 10.0.40219.1
Project("{8BC9CEB8-8B4A-11D0-8D11-00A0C91BC942}") = "Lab 2 (2)", "Lab 2 (2)\Lab 2 (2).vcxproj", "{E351BA38-41D8-40D0-B5F7-FF7E1C59F9B5}"
EndProject
Global
	GlobalSection(SolutionConfigurationPlatforms) = preSolution
		Debug|x64 = Debug|x64
		Debug|x86 = Debug|x86
		Release|x64 = Release|x64
		Release|x86 = Release|x86
	EndGlobalSection
	GlobalSection(ProjectConfigurationPlatforms) = postSolution
		{E351BA38-41D8-40D0-B5F7-FF7E1C59F9B5}.Debug|x64.ActiveCfg = Debug|x64
		{E351BA38-41D8-40D0-B5F7-FF7E1C59F9B5}.Debug|x64.Build.0 = Debug|x64
		{E351BA38-41D8-40D0-B5F7-FF7E1C59F9B5}.Debug|x86.ActiveCfg = Debug|Win32
		{E351BA38-41D8-40D0-B5F7-FF7E1C59F9B5}.Debug|x86.Build.0 = Debug|Win32
		{E351BA38-41D8-40D0-B5F7-FF7E1C59F9B5}.Release|x64.ActiveCfg = Release|x64
		{E351BA38-41D8-40D0-B5F7-FF7E1C59F9B5}.Release|x64.Build.0 = Release|x64
		{E351BA38-41D8-40D0-B5F7-FF7E1C59F9B5}.Release|x86.ActiveCfg = Release|Win32
		{E351BA38-41D8-40D0-B5F7-FF7E1C59F9B5}.Release|x86.Build.0 = Release|Win32
	EndGlobalSection
	GlobalSection(SolutionProperties) = preSolution
		HideSolutionNode = FALSE
	EndGlobalSection
	GlobalSection(ExtensibilityGlobals) = postSolution
		SolutionGuid = {7D618B5A-DD70-4A71-BB0C-BB8AF93946F7}
	EndGlobalSection
EndGlobal
