
Microsoft Visual Studio Solution File, Format Version 12.00
# Visual Studio Version 17
VisualStudioVersion = 17.1.32328.378
MinimumVisualStudioVersion = 10.0.40219.1
Project("{8BC9CEB8-8B4A-11D0-8D11-00A0C91BC942}") = "Lab 7a", "Lab 7a\Lab 7a.vcxproj", "{5FBC8B0B-8445-403A-8D80-34692364B190}"
EndProject
Global
	GlobalSection(SolutionConfigurationPlatforms) = preSolution
		Debug|x64 = Debug|x64
		Debug|x86 = Debug|x86
		Release|x64 = Release|x64
		Release|x86 = Release|x86
	EndGlobalSection
	GlobalSection(ProjectConfigurationPlatforms) = postSolution
		{5FBC8B0B-8445-403A-8D80-34692364B190}.Debug|x64.ActiveCfg = Debug|x64
		{5FBC8B0B-8445-403A-8D80-34692364B190}.Debug|x64.Build.0 = Debug|x64
		{5FBC8B0B-8445-403A-8D80-34692364B190}.Debug|x86.ActiveCfg = Debug|Win32
		{5FBC8B0B-8445-403A-8D80-34692364B190}.Debug|x86.Build.0 = Debug|Win32
		{5FBC8B0B-8445-403A-8D80-34692364B190}.Release|x64.ActiveCfg = Release|x64
		{5FBC8B0B-8445-403A-8D80-34692364B190}.Release|x64.Build.0 = Release|x64
		{5FBC8B0B-8445-403A-8D80-34692364B190}.Release|x86.ActiveCfg = Release|Win32
		{5FBC8B0B-8445-403A-8D80-34692364B190}.Release|x86.Build.0 = Release|Win32
	EndGlobalSection
	GlobalSection(SolutionProperties) = preSolution
		HideSolutionNode = FALSE
	EndGlobalSection
	GlobalSection(ExtensibilityGlobals) = postSolution
		SolutionGuid = {8ABC7170-B106-4ED9-B24A-9ECDF81F2950}
	EndGlobalSection
EndGlobal
