
Microsoft Visual Studio Solution File, Format Version 12.00
# Visual Studio Version 16
VisualStudioVersion = 16.0.31624.102
MinimumVisualStudioVersion = 10.0.40219.1
Project("{8BC9CEB8-8B4A-11D0-8D11-00A0C91BC942}") = "Lab8", "Lab8\Lab8.vcxproj", "{323DA7AF-141F-4CAA-B87C-62615395C7D7}"
EndProject
Project("{8BC9CEB8-8B4A-11D0-8D11-00A0C91BC942}") = "Lab_8_a", "Lab_8_a\Lab_8_a.vcxproj", "{20D986CC-67BF-4B52-AF5E-87A6782596F4}"
EndProject
Project("{8BC9CEB8-8B4A-11D0-8D11-00A0C91BC942}") = "Lab_8b", "Lab_8b\Lab_8b.vcxproj", "{E4C8FDE5-C971-4031-9593-1EE5936D3C24}"
EndProject
Project("{8BC9CEB8-8B4A-11D0-8D11-00A0C91BC942}") = "Lab_8v", "Lab_8v\Lab_8v.vcxproj", "{90291B44-F30A-465D-A76F-D99CF08BE468}"
EndProject
Global
	GlobalSection(SolutionConfigurationPlatforms) = preSolution
		Debug|x64 = Debug|x64
		Debug|x86 = Debug|x86
		Release|x64 = Release|x64
		Release|x86 = Release|x86
	EndGlobalSection
	GlobalSection(ProjectConfigurationPlatforms) = postSolution
		{323DA7AF-141F-4CAA-B87C-62615395C7D7}.Debug|x64.ActiveCfg = Debug|x64
		{323DA7AF-141F-4CAA-B87C-62615395C7D7}.Debug|x64.Build.0 = Debug|x64
		{323DA7AF-141F-4CAA-B87C-62615395C7D7}.Debug|x86.ActiveCfg = Debug|Win32
		{323DA7AF-141F-4CAA-B87C-62615395C7D7}.Debug|x86.Build.0 = Debug|Win32
		{323DA7AF-141F-4CAA-B87C-62615395C7D7}.Release|x64.ActiveCfg = Release|x64
		{323DA7AF-141F-4CAA-B87C-62615395C7D7}.Release|x64.Build.0 = Release|x64
		{323DA7AF-141F-4CAA-B87C-62615395C7D7}.Release|x86.ActiveCfg = Release|Win32
		{323DA7AF-141F-4CAA-B87C-62615395C7D7}.Release|x86.Build.0 = Release|Win32
		{20D986CC-67BF-4B52-AF5E-87A6782596F4}.Debug|x64.ActiveCfg = Debug|x64
		{20D986CC-67BF-4B52-AF5E-87A6782596F4}.Debug|x64.Build.0 = Debug|x64
		{20D986CC-67BF-4B52-AF5E-87A6782596F4}.Debug|x86.ActiveCfg = Debug|Win32
		{20D986CC-67BF-4B52-AF5E-87A6782596F4}.Debug|x86.Build.0 = Debug|Win32
		{20D986CC-67BF-4B52-AF5E-87A6782596F4}.Release|x64.ActiveCfg = Release|x64
		{20D986CC-67BF-4B52-AF5E-87A6782596F4}.Release|x64.Build.0 = Release|x64
		{20D986CC-67BF-4B52-AF5E-87A6782596F4}.Release|x86.ActiveCfg = Release|Win32
		{20D986CC-67BF-4B52-AF5E-87A6782596F4}.Release|x86.Build.0 = Release|Win32
		{E4C8FDE5-C971-4031-9593-1EE5936D3C24}.Debug|x64.ActiveCfg = Debug|x64
		{E4C8FDE5-C971-4031-9593-1EE5936D3C24}.Debug|x64.Build.0 = Debug|x64
		{E4C8FDE5-C971-4031-9593-1EE5936D3C24}.Debug|x86.ActiveCfg = Debug|Win32
		{E4C8FDE5-C971-4031-9593-1EE5936D3C24}.Debug|x86.Build.0 = Debug|Win32
		{E4C8FDE5-C971-4031-9593-1EE5936D3C24}.Release|x64.ActiveCfg = Release|x64
		{E4C8FDE5-C971-4031-9593-1EE5936D3C24}.Release|x64.Build.0 = Release|x64
		{E4C8FDE5-C971-4031-9593-1EE5936D3C24}.Release|x86.ActiveCfg = Release|Win32
		{E4C8FDE5-C971-4031-9593-1EE5936D3C24}.Release|x86.Build.0 = Release|Win32
		{90291B44-F30A-465D-A76F-D99CF08BE468}.Debug|x64.ActiveCfg = Debug|x64
		{90291B44-F30A-465D-A76F-D99CF08BE468}.Debug|x64.Build.0 = Debug|x64
		{90291B44-F30A-465D-A76F-D99CF08BE468}.Debug|x86.ActiveCfg = Debug|Win32
		{90291B44-F30A-465D-A76F-D99CF08BE468}.Debug|x86.Build.0 = Debug|Win32
		{90291B44-F30A-465D-A76F-D99CF08BE468}.Release|x64.ActiveCfg = Release|x64
		{90291B44-F30A-465D-A76F-D99CF08BE468}.Release|x64.Build.0 = Release|x64
		{90291B44-F30A-465D-A76F-D99CF08BE468}.Release|x86.ActiveCfg = Release|Win32
		{90291B44-F30A-465D-A76F-D99CF08BE468}.Release|x86.Build.0 = Release|Win32
	EndGlobalSection
	GlobalSection(SolutionProperties) = preSolution
		HideSolutionNode = FALSE
	EndGlobalSection
	GlobalSection(ExtensibilityGlobals) = postSolution
		SolutionGuid = {616CED78-4B29-4E49-A6EA-C4AC25006B84}
	EndGlobalSection
EndGlobal
